
Microsoft Visual Studio Solution File, Format Version 11.00
# Visual Studio 2010
Project("{2150E333-8FDC-42A3-9474-1A3956D46DE8}") = "Plugins", "Plugins", "{C1705A53-7A8C-4130-8C88-43F9ABE367FB}"
EndProject
Project("{2150E333-8FDC-42A3-9474-1A3956D46DE8}") = "Ultimate Graph", "Ultimate Graph", "{CC166DF4-34A2-4703-9DD8-946A24BBAA70}"
EndProject
Project("{FAE04EC0-301F-11D3-BF4B-00C04F79EFBC}") = "ultimateGraph", "ultimateGraph\ultimateGraph.csproj", "{6BF9578A-9A6C-4402-9C19-DC53543CC769}"
EndProject
Project("{FAE04EC0-301F-11D3-BF4B-00C04F79EFBC}") = "control", "control\control.csproj", "{81C67A70-E847-45E7-93B8-32306EDB31FB}"
EndProject
Project("{FAE04EC0-301F-11D3-BF4B-00C04F79EFBC}") = "pluginfo", "pluginfo\pluginfo.csproj", "{C037E8DB-9A8F-4F1C-9452-3E92C5514724}"
EndProject
Project("{FAE04EC0-301F-11D3-BF4B-00C04F79EFBC}") = "plugEditor", "plugEditor\plugEditor.csproj", "{34956428-0611-446F-B53A-09279F4B77F3}"
EndProject
Project("{FAE04EC0-301F-11D3-BF4B-00C04F79EFBC}") = "conf", "conf\conf.csproj", "{D6EB2067-8B99-4AEA-9EF1-F52B42B9134F}"
EndProject
Project("{FAE04EC0-301F-11D3-BF4B-00C04F79EFBC}") = "p_breadthSearch", "algorithms\breadthSearch\p_breadthSearch.csproj", "{9337A561-B602-4FB6-A110-3A1F2D25F7A3}"
EndProject
Project("{FAE04EC0-301F-11D3-BF4B-00C04F79EFBC}") = "p_bridges", "algorithms\bridges\p_bridges.csproj", "{0757516A-8F9B-413B-86D4-060F0A76FD61}"
EndProject
Project("{FAE04EC0-301F-11D3-BF4B-00C04F79EFBC}") = "p_depthSearch", "algorithms\depthSearch\p_depthSearch.csproj", "{AD793EE6-2C90-4F5B-82D1-D882BCAA74A1}"
EndProject
Project("{FAE04EC0-301F-11D3-BF4B-00C04F79EFBC}") = "p_dijkstra", "algorithms\dijkstra\p_dijkstra.csproj", "{164B5BF2-CFCF-4327-9828-48984E2DB75F}"
EndProject
Global
	GlobalSection(SolutionConfigurationPlatforms) = preSolution
		Debug|Any CPU = Debug|Any CPU
		Release|Any CPU = Release|Any CPU
	EndGlobalSection
	GlobalSection(ProjectConfigurationPlatforms) = postSolution
		{6BF9578A-9A6C-4402-9C19-DC53543CC769}.Debug|Any CPU.ActiveCfg = Debug|Any CPU
		{6BF9578A-9A6C-4402-9C19-DC53543CC769}.Debug|Any CPU.Build.0 = Debug|Any CPU
		{6BF9578A-9A6C-4402-9C19-DC53543CC769}.Release|Any CPU.ActiveCfg = Release|Any CPU
		{6BF9578A-9A6C-4402-9C19-DC53543CC769}.Release|Any CPU.Build.0 = Release|Any CPU
		{81C67A70-E847-45E7-93B8-32306EDB31FB}.Debug|Any CPU.ActiveCfg = Debug|Any CPU
		{81C67A70-E847-45E7-93B8-32306EDB31FB}.Debug|Any CPU.Build.0 = Debug|Any CPU
		{81C67A70-E847-45E7-93B8-32306EDB31FB}.Release|Any CPU.ActiveCfg = Release|Any CPU
		{81C67A70-E847-45E7-93B8-32306EDB31FB}.Release|Any CPU.Build.0 = Release|Any CPU
		{C037E8DB-9A8F-4F1C-9452-3E92C5514724}.Debug|Any CPU.ActiveCfg = Debug|Any CPU
		{C037E8DB-9A8F-4F1C-9452-3E92C5514724}.Debug|Any CPU.Build.0 = Debug|Any CPU
		{C037E8DB-9A8F-4F1C-9452-3E92C5514724}.Release|Any CPU.ActiveCfg = Release|Any CPU
		{C037E8DB-9A8F-4F1C-9452-3E92C5514724}.Release|Any CPU.Build.0 = Release|Any CPU
		{34956428-0611-446F-B53A-09279F4B77F3}.Debug|Any CPU.ActiveCfg = Debug|Any CPU
		{34956428-0611-446F-B53A-09279F4B77F3}.Debug|Any CPU.Build.0 = Debug|Any CPU
		{34956428-0611-446F-B53A-09279F4B77F3}.Release|Any CPU.ActiveCfg = Release|Any CPU
		{34956428-0611-446F-B53A-09279F4B77F3}.Release|Any CPU.Build.0 = Release|Any CPU
		{D6EB2067-8B99-4AEA-9EF1-F52B42B9134F}.Debug|Any CPU.ActiveCfg = Debug|Any CPU
		{D6EB2067-8B99-4AEA-9EF1-F52B42B9134F}.Debug|Any CPU.Build.0 = Debug|Any CPU
		{D6EB2067-8B99-4AEA-9EF1-F52B42B9134F}.Release|Any CPU.ActiveCfg = Release|Any CPU
		{D6EB2067-8B99-4AEA-9EF1-F52B42B9134F}.Release|Any CPU.Build.0 = Release|Any CPU
		{9337A561-B602-4FB6-A110-3A1F2D25F7A3}.Debug|Any CPU.ActiveCfg = Debug|Any CPU
		{9337A561-B602-4FB6-A110-3A1F2D25F7A3}.Debug|Any CPU.Build.0 = Debug|Any CPU
		{9337A561-B602-4FB6-A110-3A1F2D25F7A3}.Release|Any CPU.ActiveCfg = Release|Any CPU
		{9337A561-B602-4FB6-A110-3A1F2D25F7A3}.Release|Any CPU.Build.0 = Release|Any CPU
		{0757516A-8F9B-413B-86D4-060F0A76FD61}.Debug|Any CPU.ActiveCfg = Debug|Any CPU
		{0757516A-8F9B-413B-86D4-060F0A76FD61}.Debug|Any CPU.Build.0 = Debug|Any CPU
		{0757516A-8F9B-413B-86D4-060F0A76FD61}.Release|Any CPU.ActiveCfg = Release|Any CPU
		{0757516A-8F9B-413B-86D4-060F0A76FD61}.Release|Any CPU.Build.0 = Release|Any CPU
		{AD793EE6-2C90-4F5B-82D1-D882BCAA74A1}.Debug|Any CPU.ActiveCfg = Debug|Any CPU
		{AD793EE6-2C90-4F5B-82D1-D882BCAA74A1}.Debug|Any CPU.Build.0 = Debug|Any CPU
		{AD793EE6-2C90-4F5B-82D1-D882BCAA74A1}.Release|Any CPU.ActiveCfg = Release|Any CPU
		{AD793EE6-2C90-4F5B-82D1-D882BCAA74A1}.Release|Any CPU.Build.0 = Release|Any CPU
		{164B5BF2-CFCF-4327-9828-48984E2DB75F}.Debug|Any CPU.ActiveCfg = Debug|Any CPU
		{164B5BF2-CFCF-4327-9828-48984E2DB75F}.Debug|Any CPU.Build.0 = Debug|Any CPU
		{164B5BF2-CFCF-4327-9828-48984E2DB75F}.Release|Any CPU.ActiveCfg = Release|Any CPU
		{164B5BF2-CFCF-4327-9828-48984E2DB75F}.Release|Any CPU.Build.0 = Release|Any CPU
	EndGlobalSection
	GlobalSection(SolutionProperties) = preSolution
		HideSolutionNode = FALSE
	EndGlobalSection
	GlobalSection(NestedProjects) = preSolution
		{9337A561-B602-4FB6-A110-3A1F2D25F7A3} = {C1705A53-7A8C-4130-8C88-43F9ABE367FB}
		{0757516A-8F9B-413B-86D4-060F0A76FD61} = {C1705A53-7A8C-4130-8C88-43F9ABE367FB}
		{AD793EE6-2C90-4F5B-82D1-D882BCAA74A1} = {C1705A53-7A8C-4130-8C88-43F9ABE367FB}
		{164B5BF2-CFCF-4327-9828-48984E2DB75F} = {C1705A53-7A8C-4130-8C88-43F9ABE367FB}
		{6BF9578A-9A6C-4402-9C19-DC53543CC769} = {CC166DF4-34A2-4703-9DD8-946A24BBAA70}
		{81C67A70-E847-45E7-93B8-32306EDB31FB} = {CC166DF4-34A2-4703-9DD8-946A24BBAA70}
		{C037E8DB-9A8F-4F1C-9452-3E92C5514724} = {CC166DF4-34A2-4703-9DD8-946A24BBAA70}
		{34956428-0611-446F-B53A-09279F4B77F3} = {CC166DF4-34A2-4703-9DD8-946A24BBAA70}
		{D6EB2067-8B99-4AEA-9EF1-F52B42B9134F} = {CC166DF4-34A2-4703-9DD8-946A24BBAA70}
	EndGlobalSection
EndGlobal
